
Microsoft Visual Studio Solution File, Format Version 12.00
# Visual Studio 15
VisualStudioVersion = 15.0.26730.16
MinimumVisualStudioVersion = 10.0.40219.1
Project("{FAE04EC0-301F-11D3-BF4B-00C04F79EFBC}") = "01", "01\01.csproj", "{2D2FA7F5-FEF5-4F4F-B6EE-C9F88CF9623F}"
EndProject
Project("{FAE04EC0-301F-11D3-BF4B-00C04F79EFBC}") = "06", "06\06.csproj", "{EADFA819-AFAE-4AE8-81A3-6C1392063A49}"
EndProject
Project("{FAE04EC0-301F-11D3-BF4B-00C04F79EFBC}") = "02", "02\02.csproj", "{34AB5956-9A4F-49FF-BD00-030717B80F61}"
EndProject
Project("{FAE04EC0-301F-11D3-BF4B-00C04F79EFBC}") = "03", "03\03.csproj", "{0FB9262F-010F-40FD-AA13-B36CCBDC34BC}"
EndProject
Project("{FAE04EC0-301F-11D3-BF4B-00C04F79EFBC}") = "101", "101\101.csproj", "{34105B8B-60AB-44AE-B408-7A45E5FC70DE}"
EndProject
Project("{FAE04EC0-301F-11D3-BF4B-00C04F79EFBC}") = "202", "202\202.csproj", "{1EDC3D6A-2767-4086-8BEA-AED7A64B845C}"
EndProject
Project("{FAE04EC0-301F-11D3-BF4B-00C04F79EFBC}") = "303", "303\303.csproj", "{4F84927B-5629-4DEF-AB91-6BA3517681E9}"
EndProject
Project("{FAE04EC0-301F-11D3-BF4B-00C04F79EFBC}") = "404", "404\404.csproj", "{32F73C2D-A73D-4518-899C-212F5FABBFB4}"
EndProject
Project("{FAE04EC0-301F-11D3-BF4B-00C04F79EFBC}") = "505", "505\505.csproj", "{61CA1345-48CA-4CBD-ADC3-37912C88F0C3}"
EndProject
Project("{FAE04EC0-301F-11D3-BF4B-00C04F79EFBC}") = "505a", "505a\505a.csproj", "{0ED0E4E7-9F4F-436B-A4A2-0EEBFC55A024}"
EndProject
Global
	GlobalSection(SolutionConfigurationPlatforms) = preSolution
		Debug|Any CPU = Debug|Any CPU
		Release|Any CPU = Release|Any CPU
	EndGlobalSection
	GlobalSection(ProjectConfigurationPlatforms) = postSolution
		{2D2FA7F5-FEF5-4F4F-B6EE-C9F88CF9623F}.Debug|Any CPU.ActiveCfg = Debug|Any CPU
		{2D2FA7F5-FEF5-4F4F-B6EE-C9F88CF9623F}.Debug|Any CPU.Build.0 = Debug|Any CPU
		{2D2FA7F5-FEF5-4F4F-B6EE-C9F88CF9623F}.Release|Any CPU.ActiveCfg = Release|Any CPU
		{2D2FA7F5-FEF5-4F4F-B6EE-C9F88CF9623F}.Release|Any CPU.Build.0 = Release|Any CPU
		{EADFA819-AFAE-4AE8-81A3-6C1392063A49}.Debug|Any CPU.ActiveCfg = Debug|Any CPU
		{EADFA819-AFAE-4AE8-81A3-6C1392063A49}.Debug|Any CPU.Build.0 = Debug|Any CPU
		{EADFA819-AFAE-4AE8-81A3-6C1392063A49}.Release|Any CPU.ActiveCfg = Release|Any CPU
		{EADFA819-AFAE-4AE8-81A3-6C1392063A49}.Release|Any CPU.Build.0 = Release|Any CPU
		{34AB5956-9A4F-49FF-BD00-030717B80F61}.Debug|Any CPU.ActiveCfg = Debug|Any CPU
		{34AB5956-9A4F-49FF-BD00-030717B80F61}.Debug|Any CPU.Build.0 = Debug|Any CPU
		{34AB5956-9A4F-49FF-BD00-030717B80F61}.Release|Any CPU.ActiveCfg = Release|Any CPU
		{34AB5956-9A4F-49FF-BD00-030717B80F61}.Release|Any CPU.Build.0 = Release|Any CPU
		{0FB9262F-010F-40FD-AA13-B36CCBDC34BC}.Debug|Any CPU.ActiveCfg = Debug|Any CPU
		{0FB9262F-010F-40FD-AA13-B36CCBDC34BC}.Debug|Any CPU.Build.0 = Debug|Any CPU
		{0FB9262F-010F-40FD-AA13-B36CCBDC34BC}.Release|Any CPU.ActiveCfg = Release|Any CPU
		{0FB9262F-010F-40FD-AA13-B36CCBDC34BC}.Release|Any CPU.Build.0 = Release|Any CPU
		{34105B8B-60AB-44AE-B408-7A45E5FC70DE}.Debug|Any CPU.ActiveCfg = Debug|Any CPU
		{34105B8B-60AB-44AE-B408-7A45E5FC70DE}.Debug|Any CPU.Build.0 = Debug|Any CPU
		{34105B8B-60AB-44AE-B408-7A45E5FC70DE}.Release|Any CPU.ActiveCfg = Release|Any CPU
		{34105B8B-60AB-44AE-B408-7A45E5FC70DE}.Release|Any CPU.Build.0 = Release|Any CPU
		{1EDC3D6A-2767-4086-8BEA-AED7A64B845C}.Debug|Any CPU.ActiveCfg = Debug|Any CPU
		{1EDC3D6A-2767-4086-8BEA-AED7A64B845C}.Debug|Any CPU.Build.0 = Debug|Any CPU
		{1EDC3D6A-2767-4086-8BEA-AED7A64B845C}.Release|Any CPU.ActiveCfg = Release|Any CPU
		{1EDC3D6A-2767-4086-8BEA-AED7A64B845C}.Release|Any CPU.Build.0 = Release|Any CPU
		{4F84927B-5629-4DEF-AB91-6BA3517681E9}.Debug|Any CPU.ActiveCfg = Debug|Any CPU
		{4F84927B-5629-4DEF-AB91-6BA3517681E9}.Debug|Any CPU.Build.0 = Debug|Any CPU
		{4F84927B-5629-4DEF-AB91-6BA3517681E9}.Release|Any CPU.ActiveCfg = Release|Any CPU
		{4F84927B-5629-4DEF-AB91-6BA3517681E9}.Release|Any CPU.Build.0 = Release|Any CPU
		{32F73C2D-A73D-4518-899C-212F5FABBFB4}.Debug|Any CPU.ActiveCfg = Debug|Any CPU
		{32F73C2D-A73D-4518-899C-212F5FABBFB4}.Debug|Any CPU.Build.0 = Debug|Any CPU
		{32F73C2D-A73D-4518-899C-212F5FABBFB4}.Release|Any CPU.ActiveCfg = Release|Any CPU
		{32F73C2D-A73D-4518-899C-212F5FABBFB4}.Release|Any CPU.Build.0 = Release|Any CPU
		{61CA1345-48CA-4CBD-ADC3-37912C88F0C3}.Debug|Any CPU.ActiveCfg = Debug|Any CPU
		{61CA1345-48CA-4CBD-ADC3-37912C88F0C3}.Debug|Any CPU.Build.0 = Debug|Any CPU
		{61CA1345-48CA-4CBD-ADC3-37912C88F0C3}.Release|Any CPU.ActiveCfg = Release|Any CPU
		{61CA1345-48CA-4CBD-ADC3-37912C88F0C3}.Release|Any CPU.Build.0 = Release|Any CPU
		{0ED0E4E7-9F4F-436B-A4A2-0EEBFC55A024}.Debug|Any CPU.ActiveCfg = Debug|Any CPU
		{0ED0E4E7-9F4F-436B-A4A2-0EEBFC55A024}.Debug|Any CPU.Build.0 = Debug|Any CPU
		{0ED0E4E7-9F4F-436B-A4A2-0EEBFC55A024}.Release|Any CPU.ActiveCfg = Release|Any CPU
		{0ED0E4E7-9F4F-436B-A4A2-0EEBFC55A024}.Release|Any CPU.Build.0 = Release|Any CPU
	EndGlobalSection
	GlobalSection(SolutionProperties) = preSolution
		HideSolutionNode = FALSE
	EndGlobalSection
	GlobalSection(ExtensibilityGlobals) = postSolution
		SolutionGuid = {E2BFC9FC-0B8B-4364-89E3-F5A920E1483A}
	EndGlobalSection
EndGlobal
